Microsoft Visual Studio Solution File, Format Version 12.00
# Visual Studio Version 17
VisualStudioVersion = 17.10.34916.146
MinimumVisualStudioVersion = 15.0.26124.0
Project("{9A19103F-16F7-4668-BE54-9A1E7A4F7556}") = "LPPricing", "LPPricing\LPPricing.csproj", "{21B9F0B2-CE0C-4217-AFA8-FC86D92A8B9B}"
EndProject
Project("{9A19103F-16F7-4668-BE54-9A1E7A4F7556}") = "LPPricingTests", "LPPricingTests\LPPricingTests.csproj", "{2957C35A-1C74-48A6-8C60-EF1EFAFF5506}"
EndProject
Global
	GlobalSection(SolutionConfigurationPlatforms) = preSolution
		Debug|Any CPU = Debug|Any CPU
		Debug|x64 = Debug|x64
		Debug|x86 = Debug|x86
		Release|Any CPU = Release|Any CPU
		Release|x64 = Release|x64
		Release|x86 = Release|x86
	EndGlobalSection
	GlobalSection(ProjectConfigurationPlatforms) = postSolution
		{21B9F0B2-CE0C-4217-AFA8-FC86D92A8B9B}.Debug|Any CPU.ActiveCfg = Debug|Any CPU
		{21B9F0B2-CE0C-4217-AFA8-FC86D92A8B9B}.Debug|Any CPU.Build.0 = Debug|Any CPU
		{21B9F0B2-CE0C-4217-AFA8-FC86D92A8B9B}.Debug|x64.ActiveCfg = Debug|Any CPU
		{21B9F0B2-CE0C-4217-AFA8-FC86D92A8B9B}.Debug|x64.Build.0 = Debug|Any CPU
		{21B9F0B2-CE0C-4217-AFA8-FC86D92A8B9B}.Debug|x86.ActiveCfg = Debug|Any CPU
		{21B9F0B2-CE0C-4217-AFA8-FC86D92A8B9B}.Debug|x86.Build.0 = Debug|Any CPU
		{21B9F0B2-CE0C-4217-AFA8-FC86D92A8B9B}.Release|Any CPU.ActiveCfg = Release|Any CPU
		{21B9F0B2-CE0C-4217-AFA8-FC86D92A8B9B}.Release|Any CPU.Build.0 = Release|Any CPU
		{21B9F0B2-CE0C-4217-AFA8-FC86D92A8B9B}.Release|x64.ActiveCfg = Release|Any CPU
		{21B9F0B2-CE0C-4217-AFA8-FC86D92A8B9B}.Release|x64.Build.0 = Release|Any CPU
		{21B9F0B2-CE0C-4217-AFA8-FC86D92A8B9B}.Release|x86.ActiveCfg = Release|Any CPU
		{21B9F0B2-CE0C-4217-AFA8-FC86D92A8B9B}.Release|x86.Build.0 = Release|Any CPU
		{2957C35A-1C74-48A6-8C60-EF1EFAFF5506}.Debug|Any CPU.ActiveCfg = Debug|Any CPU
		{2957C35A-1C74-48A6-8C60-EF1EFAFF5506}.Debug|Any CPU.Build.0 = Debug|Any CPU
		{2957C35A-1C74-48A6-8C60-EF1EFAFF5506}.Debug|x64.ActiveCfg = Debug|Any CPU
		{2957C35A-1C74-48A6-8C60-EF1EFAFF5506}.Debug|x64.Build.0 = Debug|Any CPU
		{2957C35A-1C74-48A6-8C60-EF1EFAFF5506}.Debug|x86.ActiveCfg = Debug|Any CPU
		{2957C35A-1C74-48A6-8C60-EF1EFAFF5506}.Debug|x86.Build.0 = Debug|Any CPU
		{2957C35A-1C74-48A6-8C60-EF1EFAFF5506}.Release|Any CPU.ActiveCfg = Release|Any CPU
		{2957C35A-1C74-48A6-8C60-EF1EFAFF5506}.Release|Any CPU.Build.0 = Release|Any CPU
		{2957C35A-1C74-48A6-8C60-EF1EFAFF5506}.Release|x64.ActiveCfg = Release|Any CPU
		{2957C35A-1C74-48A6-8C60-EF1EFAFF5506}.Release|x64.Build.0 = Release|Any CPU
		{2957C35A-1C74-48A6-8C60-EF1EFAFF5506}.Release|x86.ActiveCfg = Release|Any CPU
		{2957C35A-1C74-48A6-8C60-EF1EFAFF5506}.Release|x86.Build.0 = Release|Any CPU
	EndGlobalSection
	GlobalSection(SolutionProperties) = preSolution
		HideSolutionNode = FALSE
	EndGlobalSection
	GlobalSection(ExtensibilityGlobals) = postSolution
		SolutionGuid = {A6C6FB29-9AC6-4A10-A09A-9E920E736779}
	EndGlobalSection
EndGlobal
